
Microsoft Visual Studio Solution File, Format Version 12.00
# Visual Studio 2013
VisualStudioVersion = 12.0.30501.0
MinimumVisualStudioVersion = 10.0.40219.1
Project("{FAE04EC0-301F-11D3-BF4B-00C04F79EFBC}") = "CTrade.Client.Web", "CTrade.Client.Web\CTrade.Client.Web.csproj", "{ABE67ED0-1250-4DCC-9917-AF5B4173BF83}"
EndProject
Project("{FAE04EC0-301F-11D3-BF4B-00C04F79EFBC}") = "CTrade.Client.DataAccess", "CTrade.Client.DataAccess\CTrade.Client.DataAccess.csproj", "{4E16CCB4-3FD5-4422-A921-6AAC7679903A}"
EndProject
Project("{FAE04EC0-301F-11D3-BF4B-00C04F79EFBC}") = "CTrade.Client.DataAccess.Test", "CTrade.Client.DataAccess.Test\CTrade.Client.DataAccess.Test.csproj", "{D3C1A0B9-42CC-4EBE-B64B-D9A93DA0BC34}"
EndProject
Project("{FAE04EC0-301F-11D3-BF4B-00C04F79EFBC}") = "CTrade.Client.Services", "CTrade.Client.Services\CTrade.Client.Services.csproj", "{B3A99FC3-707A-4203-AB7F-BD9B1F3979EB}"
EndProject
Project("{FAE04EC0-301F-11D3-BF4B-00C04F79EFBC}") = "CTrade.Client.Services.Test", "CTrade.Client.Services.Test\CTrade.Client.Services.Test.csproj", "{0D5ECE92-9395-4543-A75F-2D4629DD4001}"
EndProject
Project("{FAE04EC0-301F-11D3-BF4B-00C04F79EFBC}") = "CTrade.Client.Core", "CTrade.Client.Core\CTrade.Client.Core.csproj", "{6CE69368-0B20-44AA-9D24-E90062ED1891}"
EndProject
Global
	GlobalSection(SolutionConfigurationPlatforms) = preSolution
		Debug|Any CPU = Debug|Any CPU
		Release|Any CPU = Release|Any CPU
	EndGlobalSection
	GlobalSection(ProjectConfigurationPlatforms) = postSolution
		{ABE67ED0-1250-4DCC-9917-AF5B4173BF83}.Debug|Any CPU.ActiveCfg = Debug|Any CPU
		{ABE67ED0-1250-4DCC-9917-AF5B4173BF83}.Debug|Any CPU.Build.0 = Debug|Any CPU
		{ABE67ED0-1250-4DCC-9917-AF5B4173BF83}.Release|Any CPU.ActiveCfg = Release|Any CPU
		{ABE67ED0-1250-4DCC-9917-AF5B4173BF83}.Release|Any CPU.Build.0 = Release|Any CPU
		{4E16CCB4-3FD5-4422-A921-6AAC7679903A}.Debug|Any CPU.ActiveCfg = Debug|Any CPU
		{4E16CCB4-3FD5-4422-A921-6AAC7679903A}.Debug|Any CPU.Build.0 = Debug|Any CPU
		{4E16CCB4-3FD5-4422-A921-6AAC7679903A}.Release|Any CPU.ActiveCfg = Release|Any CPU
		{4E16CCB4-3FD5-4422-A921-6AAC7679903A}.Release|Any CPU.Build.0 = Release|Any CPU
		{D3C1A0B9-42CC-4EBE-B64B-D9A93DA0BC34}.Debug|Any CPU.ActiveCfg = Debug|Any CPU
		{D3C1A0B9-42CC-4EBE-B64B-D9A93DA0BC34}.Debug|Any CPU.Build.0 = Debug|Any CPU
		{D3C1A0B9-42CC-4EBE-B64B-D9A93DA0BC34}.Release|Any CPU.ActiveCfg = Release|Any CPU
		{D3C1A0B9-42CC-4EBE-B64B-D9A93DA0BC34}.Release|Any CPU.Build.0 = Release|Any CPU
		{B3A99FC3-707A-4203-AB7F-BD9B1F3979EB}.Debug|Any CPU.ActiveCfg = Debug|Any CPU
		{B3A99FC3-707A-4203-AB7F-BD9B1F3979EB}.Debug|Any CPU.Build.0 = Debug|Any CPU
		{B3A99FC3-707A-4203-AB7F-BD9B1F3979EB}.Release|Any CPU.ActiveCfg = Release|Any CPU
		{B3A99FC3-707A-4203-AB7F-BD9B1F3979EB}.Release|Any CPU.Build.0 = Release|Any CPU
		{0D5ECE92-9395-4543-A75F-2D4629DD4001}.Debug|Any CPU.ActiveCfg = Debug|Any CPU
		{0D5ECE92-9395-4543-A75F-2D4629DD4001}.Debug|Any CPU.Build.0 = Debug|Any CPU
		{0D5ECE92-9395-4543-A75F-2D4629DD4001}.Release|Any CPU.ActiveCfg = Release|Any CPU
		{0D5ECE92-9395-4543-A75F-2D4629DD4001}.Release|Any CPU.Build.0 = Release|Any CPU
		{6CE69368-0B20-44AA-9D24-E90062ED1891}.Debug|Any CPU.ActiveCfg = Debug|Any CPU
		{6CE69368-0B20-44AA-9D24-E90062ED1891}.Debug|Any CPU.Build.0 = Debug|Any CPU
		{6CE69368-0B20-44AA-9D24-E90062ED1891}.Release|Any CPU.ActiveCfg = Release|Any CPU
		{6CE69368-0B20-44AA-9D24-E90062ED1891}.Release|Any CPU.Build.0 = Release|Any CPU
	EndGlobalSection
	GlobalSection(SolutionProperties) = preSolution
		HideSolutionNode = FALSE
	EndGlobalSection
EndGlobal
